{
  "nodes": {
    "home-manager": {
      "inputs": {
        "nixpkgs": [
          "nixpkgs"
        ]
      },
      "locked": {
        "lastModified": 1720135141,
        "narHash": "sha256-1GHh1/WO+f42TXxb1WiZFMuepM7ITA9iT+6yJBbBNsY=",
        "owner": "nix-community",
        "repo": "home-manager",
        "rev": "c514e862cd5705e51edb6fe8d01146fdeec661f2",
        "type": "github"
      },
      "original": {
        "owner": "nix-community",
        "repo": "home-manager",
        "type": "github"
      }
    },
    "nixpkgs": {
      "locked": {
        "lastModified": 1720087678,
        "narHash": "sha256-uOhYJU3ldDKXYV+mFaXcPtyjq/UIMh/6SCuoVNU9rxM=",
        "owner": "nixos",
        "repo": "nixpkgs",
        "rev": "1afc5440469f94e7ed26e8648820971b102afdc3",
        "type": "github"
      },
      "original": {
        "owner": "nixos",
        "ref": "nixpkgs-unstable",
        "repo": "nixpkgs",
        "type": "github"
      }
    },
    "root": {
      "inputs": {
        "home-manager": "home-manager",
        "nixpkgs": "nixpkgs"
      }
    }
  },
  "root": "root",
  "version": 7
}
