{
  "nodes": {
    "home-manager": {
      "inputs": {
        "nixpkgs": [
          "nixpkgs"
        ]
      },
      "locked": {
        "lastModified": 1726217971,
        "narHash": "sha256-JePoAIU1SQ/IisfbFpN5YIJ9on5SowxR0OuJukdLIao=",
        "owner": "nix-community",
        "repo": "home-manager",
        "rev": "4c8647b1ed35d0e1822c7997172786dfa18cd7da",
        "type": "github"
      },
      "original": {
        "owner": "nix-community",
        "repo": "home-manager",
        "type": "github"
      }
    },
    "nixpkgs": {
      "locked": {
        "lastModified": 1726142289,
        "narHash": "sha256-Jks8O42La+nm5AMTSq/PvM5O+fUAhIy0Ce1QYqLkyZ4=",
        "owner": "nixos",
        "repo": "nixpkgs",
        "rev": "280db3decab4cbeb22a4599bd472229ab74d25e1",
        "type": "github"
      },
      "original": {
        "owner": "nixos",
        "ref": "nixpkgs-unstable",
        "repo": "nixpkgs",
        "type": "github"
      }
    },
    "root": {
      "inputs": {
        "home-manager": "home-manager",
        "nixpkgs": "nixpkgs"
      }
    }
  },
  "root": "root",
  "version": 7
}
