{
  "nodes": {
    "home-manager": {
      "inputs": {
        "nixpkgs": [
          "nixpkgs"
        ]
      },
      "locked": {
        "lastModified": 1758250706,
        "narHash": "sha256-Jv/V+PNi5RyqCUK2V6YJ0iCqdLPutU69LZas85EBUaU=",
        "owner": "nix-community",
        "repo": "home-manager",
        "rev": "363007f12930caf8b0ea59c0bf5be109c52ad0ef",
        "type": "github"
      },
      "original": {
        "owner": "nix-community",
        "repo": "home-manager",
        "type": "github"
      }
    },
    "nixpkgs": {
      "locked": {
        "lastModified": 1758184165,
        "narHash": "sha256-rPOgMmyyO1V66GbDXOcKje2AtdpWFLqSv8GAUvKH9wY=",
        "owner": "nixos",
        "repo": "nixpkgs",
        "rev": "124b966f89fad5468ca67ac7ee15af4ecce49b47",
        "type": "github"
      },
      "original": {
        "owner": "nixos",
        "ref": "nixpkgs-unstable",
        "repo": "nixpkgs",
        "type": "github"
      }
    },
    "root": {
      "inputs": {
        "home-manager": "home-manager",
        "nixpkgs": "nixpkgs"
      }
    }
  },
  "root": "root",
  "version": 7
}
